
Microsoft Visual Studio Solution File, Format Version 12.00
# Visual Studio Version 17
VisualStudioVersion = 17.14.36717.8 d17.14
MinimumVisualStudioVersion = 10.0.40219.1
Project("{FAE04EC0-301F-11D3-BF4B-00C04F79EFBC}") = "ConsoleApp19", "ConsoleApp19.csproj", "{F8DF96F8-D522-4296-871A-6F97B77EE949}"
EndProject
Global
	GlobalSection(SolutionConfigurationPlatforms) = preSolution
		Debug|Any CPU = Debug|Any CPU
		Release|Any CPU = Release|Any CPU
	EndGlobalSection
	GlobalSection(ProjectConfigurationPlatforms) = postSolution
		{F8DF96F8-D522-4296-871A-6F97B77EE949}.Debug|Any CPU.ActiveCfg = Debug|Any CPU
		{F8DF96F8-D522-4296-871A-6F97B77EE949}.Debug|Any CPU.Build.0 = Debug|Any CPU
		{F8DF96F8-D522-4296-871A-6F97B77EE949}.Release|Any CPU.ActiveCfg = Release|Any CPU
		{F8DF96F8-D522-4296-871A-6F97B77EE949}.Release|Any CPU.Build.0 = Release|Any CPU
	EndGlobalSection
	GlobalSection(SolutionProperties) = preSolution
		HideSolutionNode = FALSE
	EndGlobalSection
	GlobalSection(ExtensibilityGlobals) = postSolution
		SolutionGuid = {19E1F1E9-9135-4509-860B-B2014FB4BB84}
	EndGlobalSection
EndGlobal
