
Microsoft Visual Studio Solution File, Format Version 12.00
# Visual Studio Version 17
VisualStudioVersion = 17.14.36717.8 d17.14
MinimumVisualStudioVersion = 10.0.40219.1
Project("{FAE04EC0-301F-11D3-BF4B-00C04F79EFBC}") = "ConsoleApp23", "ConsoleApp23.csproj", "{792BE57D-BF28-4BF5-AD7E-C99A895A7265}"
EndProject
Global
	GlobalSection(SolutionConfigurationPlatforms) = preSolution
		Debug|Any CPU = Debug|Any CPU
		Release|Any CPU = Release|Any CPU
	EndGlobalSection
	GlobalSection(ProjectConfigurationPlatforms) = postSolution
		{792BE57D-BF28-4BF5-AD7E-C99A895A7265}.Debug|Any CPU.ActiveCfg = Debug|Any CPU
		{792BE57D-BF28-4BF5-AD7E-C99A895A7265}.Debug|Any CPU.Build.0 = Debug|Any CPU
		{792BE57D-BF28-4BF5-AD7E-C99A895A7265}.Release|Any CPU.ActiveCfg = Release|Any CPU
		{792BE57D-BF28-4BF5-AD7E-C99A895A7265}.Release|Any CPU.Build.0 = Release|Any CPU
	EndGlobalSection
	GlobalSection(SolutionProperties) = preSolution
		HideSolutionNode = FALSE
	EndGlobalSection
	GlobalSection(ExtensibilityGlobals) = postSolution
		SolutionGuid = {54E6945A-688A-4B91-85F9-B588CE84FA53}
	EndGlobalSection
EndGlobal
