
Microsoft Visual Studio Solution File, Format Version 12.00
# Visual Studio Version 17
VisualStudioVersion = 17.14.36717.8 d17.14
MinimumVisualStudioVersion = 10.0.40219.1
Project("{FAE04EC0-301F-11D3-BF4B-00C04F79EFBC}") = "ConsoleApp15", "ConsoleApp15.csproj", "{87311403-555C-4926-B93F-B53EF8A9BC2A}"
EndProject
Global
	GlobalSection(SolutionConfigurationPlatforms) = preSolution
		Debug|Any CPU = Debug|Any CPU
		Release|Any CPU = Release|Any CPU
	EndGlobalSection
	GlobalSection(ProjectConfigurationPlatforms) = postSolution
		{87311403-555C-4926-B93F-B53EF8A9BC2A}.Debug|Any CPU.ActiveCfg = Debug|Any CPU
		{87311403-555C-4926-B93F-B53EF8A9BC2A}.Debug|Any CPU.Build.0 = Debug|Any CPU
		{87311403-555C-4926-B93F-B53EF8A9BC2A}.Release|Any CPU.ActiveCfg = Release|Any CPU
		{87311403-555C-4926-B93F-B53EF8A9BC2A}.Release|Any CPU.Build.0 = Release|Any CPU
	EndGlobalSection
	GlobalSection(SolutionProperties) = preSolution
		HideSolutionNode = FALSE
	EndGlobalSection
	GlobalSection(ExtensibilityGlobals) = postSolution
		SolutionGuid = {3C04C4BD-1DCE-4BF9-92DD-63FDCE1138D1}
	EndGlobalSection
EndGlobal
